
Microsoft Visual Studio Solution File, Format Version 9.00
# Visual Studio 2005
Project("{8BC9CEB8-8B4A-11D0-8D11-00A0C91BC942}") = "PCIDriverPlus", "PCIDriverPlus\PCIDriverPlus.vcproj", "{F80DBE3D-7FA0-4D29-BF36-E9594FE3EA1C}"
EndProject
Project("{8BC9CEB8-8B4A-11D0-8D11-00A0C91BC942}") = "PCIDriverHelper", "PCIDriverHelper\PCIDriverHelper.vcproj", "{A6921A18-1B72-4FAB-8EAE-B7BEE247C1EA}"
EndProject
Global
	GlobalSection(SolutionConfigurationPlatforms) = preSolution
		Debug|Win32 = Debug|Win32
		Release|Win32 = Release|Win32
	EndGlobalSection
	GlobalSection(ProjectConfigurationPlatforms) = postSolution
		{F80DBE3D-7FA0-4D29-BF36-E9594FE3EA1C}.Debug|Win32.ActiveCfg = Debug|Win32
		{F80DBE3D-7FA0-4D29-BF36-E9594FE3EA1C}.Debug|Win32.Build.0 = Debug|Win32
		{F80DBE3D-7FA0-4D29-BF36-E9594FE3EA1C}.Release|Win32.ActiveCfg = Release|Win32
		{F80DBE3D-7FA0-4D29-BF36-E9594FE3EA1C}.Release|Win32.Build.0 = Release|Win32
		{A6921A18-1B72-4FAB-8EAE-B7BEE247C1EA}.Debug|Win32.ActiveCfg = Debug|Win32
		{A6921A18-1B72-4FAB-8EAE-B7BEE247C1EA}.Debug|Win32.Build.0 = Debug|Win32
		{A6921A18-1B72-4FAB-8EAE-B7BEE247C1EA}.Release|Win32.ActiveCfg = Release|Win32
		{A6921A18-1B72-4FAB-8EAE-B7BEE247C1EA}.Release|Win32.Build.0 = Release|Win32
	EndGlobalSection
	GlobalSection(SolutionProperties) = preSolution
		HideSolutionNode = FALSE
	EndGlobalSection
EndGlobal
