
Microsoft Visual Studio Solution File, Format Version 12.00
# Visual Studio 2013
VisualStudioVersion = 12.0.30501.0
MinimumVisualStudioVersion = 10.0.40219.1
Project("{8BC9CEB8-8B4A-11D0-8D11-00A0C91BC942}") = "PCIDriverPlus", "PCIDriverPlus\PCIDriverPlus.vcxproj", "{F80DBE3D-7FA0-4D29-BF36-E9594FE3EA1C}"
EndProject
Project("{8BC9CEB8-8B4A-11D0-8D11-00A0C91BC942}") = "PCIDriverHelper", "PCIDriverHelper\PCIDriverHelper.vcxproj", "{A6921A18-1B72-4FAB-8EAE-B7BEE247C1EA}"
EndProject
Project("{8BC9CEB8-8B4A-11D0-8D11-00A0C91BC942}") = "PCIDriverTest", "PCIDriverTest\PCIDriverTest.vcxproj", "{F24773A5-F212-4ADA-B5AD-11C5FC1F3AC2}"
EndProject
Project("{8BC9CEB8-8B4A-11D0-8D11-00A0C91BC942}") = "PCIDriverHelper4CS", "PCIDriverHelper4CS\PCIDriverHelper4CS.vcxproj", "{4F462EAD-0C5D-41B5-8723-9BDDFAEDAD0D}"
EndProject
Project("{FAE04EC0-301F-11D3-BF4B-00C04F79EFBC}") = "PCIDriverTest4CS", "PCIDriverTest4CS\PCIDriverTest4CS.csproj", "{4640C81D-8BD7-4FB8-987B-39BC2C7B810D}"
EndProject
Global
	GlobalSection(SolutionConfigurationPlatforms) = preSolution
		Debug|Mixed Platforms = Debug|Mixed Platforms
		Debug|Win32 = Debug|Win32
		Debug|x86 = Debug|x86
		Release|Mixed Platforms = Release|Mixed Platforms
		Release|Win32 = Release|Win32
		Release|x86 = Release|x86
	EndGlobalSection
	GlobalSection(ProjectConfigurationPlatforms) = postSolution
		{F80DBE3D-7FA0-4D29-BF36-E9594FE3EA1C}.Debug|Mixed Platforms.ActiveCfg = Debug|Win32
		{F80DBE3D-7FA0-4D29-BF36-E9594FE3EA1C}.Debug|Mixed Platforms.Build.0 = Debug|Win32
		{F80DBE3D-7FA0-4D29-BF36-E9594FE3EA1C}.Debug|Win32.ActiveCfg = Debug|Win32
		{F80DBE3D-7FA0-4D29-BF36-E9594FE3EA1C}.Debug|Win32.Build.0 = Debug|Win32
		{F80DBE3D-7FA0-4D29-BF36-E9594FE3EA1C}.Debug|x86.ActiveCfg = Debug|Win32
		{F80DBE3D-7FA0-4D29-BF36-E9594FE3EA1C}.Debug|x86.Build.0 = Debug|Win32
		{F80DBE3D-7FA0-4D29-BF36-E9594FE3EA1C}.Release|Mixed Platforms.ActiveCfg = Release|Win32
		{F80DBE3D-7FA0-4D29-BF36-E9594FE3EA1C}.Release|Mixed Platforms.Build.0 = Release|Win32
		{F80DBE3D-7FA0-4D29-BF36-E9594FE3EA1C}.Release|Win32.ActiveCfg = Release|Win32
		{F80DBE3D-7FA0-4D29-BF36-E9594FE3EA1C}.Release|Win32.Build.0 = Release|Win32
		{F80DBE3D-7FA0-4D29-BF36-E9594FE3EA1C}.Release|x86.ActiveCfg = Release|Win32
		{F80DBE3D-7FA0-4D29-BF36-E9594FE3EA1C}.Release|x86.Build.0 = Release|Win32
		{A6921A18-1B72-4FAB-8EAE-B7BEE247C1EA}.Debug|Mixed Platforms.ActiveCfg = Debug|Win32
		{A6921A18-1B72-4FAB-8EAE-B7BEE247C1EA}.Debug|Mixed Platforms.Build.0 = Debug|Win32
		{A6921A18-1B72-4FAB-8EAE-B7BEE247C1EA}.Debug|Win32.ActiveCfg = Debug|Win32
		{A6921A18-1B72-4FAB-8EAE-B7BEE247C1EA}.Debug|Win32.Build.0 = Debug|Win32
		{A6921A18-1B72-4FAB-8EAE-B7BEE247C1EA}.Debug|x86.ActiveCfg = Debug|Win32
		{A6921A18-1B72-4FAB-8EAE-B7BEE247C1EA}.Debug|x86.Build.0 = Debug|Win32
		{A6921A18-1B72-4FAB-8EAE-B7BEE247C1EA}.Release|Mixed Platforms.ActiveCfg = Release|Win32
		{A6921A18-1B72-4FAB-8EAE-B7BEE247C1EA}.Release|Mixed Platforms.Build.0 = Release|Win32
		{A6921A18-1B72-4FAB-8EAE-B7BEE247C1EA}.Release|Win32.ActiveCfg = Release|Win32
		{A6921A18-1B72-4FAB-8EAE-B7BEE247C1EA}.Release|Win32.Build.0 = Release|Win32
		{A6921A18-1B72-4FAB-8EAE-B7BEE247C1EA}.Release|x86.ActiveCfg = Release|Win32
		{A6921A18-1B72-4FAB-8EAE-B7BEE247C1EA}.Release|x86.Build.0 = Release|Win32
		{F24773A5-F212-4ADA-B5AD-11C5FC1F3AC2}.Debug|Mixed Platforms.ActiveCfg = Debug|Win32
		{F24773A5-F212-4ADA-B5AD-11C5FC1F3AC2}.Debug|Mixed Platforms.Build.0 = Debug|Win32
		{F24773A5-F212-4ADA-B5AD-11C5FC1F3AC2}.Debug|Win32.ActiveCfg = Debug|Win32
		{F24773A5-F212-4ADA-B5AD-11C5FC1F3AC2}.Debug|Win32.Build.0 = Debug|Win32
		{F24773A5-F212-4ADA-B5AD-11C5FC1F3AC2}.Debug|x86.ActiveCfg = Debug|Win32
		{F24773A5-F212-4ADA-B5AD-11C5FC1F3AC2}.Debug|x86.Build.0 = Debug|Win32
		{F24773A5-F212-4ADA-B5AD-11C5FC1F3AC2}.Release|Mixed Platforms.ActiveCfg = Release|Win32
		{F24773A5-F212-4ADA-B5AD-11C5FC1F3AC2}.Release|Mixed Platforms.Build.0 = Release|Win32
		{F24773A5-F212-4ADA-B5AD-11C5FC1F3AC2}.Release|Win32.ActiveCfg = Release|Win32
		{F24773A5-F212-4ADA-B5AD-11C5FC1F3AC2}.Release|Win32.Build.0 = Release|Win32
		{F24773A5-F212-4ADA-B5AD-11C5FC1F3AC2}.Release|x86.ActiveCfg = Release|Win32
		{F24773A5-F212-4ADA-B5AD-11C5FC1F3AC2}.Release|x86.Build.0 = Release|Win32
		{4F462EAD-0C5D-41B5-8723-9BDDFAEDAD0D}.Debug|Mixed Platforms.ActiveCfg = Debug|Win32
		{4F462EAD-0C5D-41B5-8723-9BDDFAEDAD0D}.Debug|Mixed Platforms.Build.0 = Debug|Win32
		{4F462EAD-0C5D-41B5-8723-9BDDFAEDAD0D}.Debug|Win32.ActiveCfg = Debug|Win32
		{4F462EAD-0C5D-41B5-8723-9BDDFAEDAD0D}.Debug|Win32.Build.0 = Debug|Win32
		{4F462EAD-0C5D-41B5-8723-9BDDFAEDAD0D}.Debug|x86.ActiveCfg = Debug|Win32
		{4F462EAD-0C5D-41B5-8723-9BDDFAEDAD0D}.Debug|x86.Build.0 = Debug|Win32
		{4F462EAD-0C5D-41B5-8723-9BDDFAEDAD0D}.Release|Mixed Platforms.ActiveCfg = Release|Win32
		{4F462EAD-0C5D-41B5-8723-9BDDFAEDAD0D}.Release|Mixed Platforms.Build.0 = Release|Win32
		{4F462EAD-0C5D-41B5-8723-9BDDFAEDAD0D}.Release|Win32.ActiveCfg = Release|Win32
		{4F462EAD-0C5D-41B5-8723-9BDDFAEDAD0D}.Release|Win32.Build.0 = Release|Win32
		{4F462EAD-0C5D-41B5-8723-9BDDFAEDAD0D}.Release|x86.ActiveCfg = Release|Win32
		{4F462EAD-0C5D-41B5-8723-9BDDFAEDAD0D}.Release|x86.Build.0 = Release|Win32
		{4640C81D-8BD7-4FB8-987B-39BC2C7B810D}.Debug|Mixed Platforms.ActiveCfg = Debug|x86
		{4640C81D-8BD7-4FB8-987B-39BC2C7B810D}.Debug|Mixed Platforms.Build.0 = Debug|x86
		{4640C81D-8BD7-4FB8-987B-39BC2C7B810D}.Debug|Win32.ActiveCfg = Debug|x86
		{4640C81D-8BD7-4FB8-987B-39BC2C7B810D}.Debug|Win32.Build.0 = Debug|x86
		{4640C81D-8BD7-4FB8-987B-39BC2C7B810D}.Debug|x86.ActiveCfg = Debug|x86
		{4640C81D-8BD7-4FB8-987B-39BC2C7B810D}.Debug|x86.Build.0 = Debug|x86
		{4640C81D-8BD7-4FB8-987B-39BC2C7B810D}.Release|Mixed Platforms.ActiveCfg = Release|x86
		{4640C81D-8BD7-4FB8-987B-39BC2C7B810D}.Release|Mixed Platforms.Build.0 = Release|x86
		{4640C81D-8BD7-4FB8-987B-39BC2C7B810D}.Release|Win32.ActiveCfg = Release|x86
		{4640C81D-8BD7-4FB8-987B-39BC2C7B810D}.Release|Win32.Build.0 = Release|x86
		{4640C81D-8BD7-4FB8-987B-39BC2C7B810D}.Release|x86.ActiveCfg = Release|x86
		{4640C81D-8BD7-4FB8-987B-39BC2C7B810D}.Release|x86.Build.0 = Release|x86
	EndGlobalSection
	GlobalSection(SolutionProperties) = preSolution
		HideSolutionNode = FALSE
	EndGlobalSection
EndGlobal
